
Microsoft Visual Studio Solution File, Format Version 12.00
# Visual Studio Version 17
VisualStudioVersion = 17.13.35919.96 d17.13
MinimumVisualStudioVersion = 10.0.40219.1
Project("{FAE04EC0-301F-11D3-BF4B-00C04F79EFBC}") = "coreMvcWebApplication", "coreMvcWebApplication\coreMvcWebApplication.csproj", "{0F44B748-A46A-404B-A39D-8D6A9B4494BB}"
EndProject
Global
	GlobalSection(SolutionConfigurationPlatforms) = preSolution
		Debug|Any CPU = Debug|Any CPU
		Release|Any CPU = Release|Any CPU
	EndGlobalSection
	GlobalSection(ProjectConfigurationPlatforms) = postSolution
		{0F44B748-A46A-404B-A39D-8D6A9B4494BB}.Debug|Any CPU.ActiveCfg = Debug|Any CPU
		{0F44B748-A46A-404B-A39D-8D6A9B4494BB}.Debug|Any CPU.Build.0 = Debug|Any CPU
		{0F44B748-A46A-404B-A39D-8D6A9B4494BB}.Release|Any CPU.ActiveCfg = Release|Any CPU
		{0F44B748-A46A-404B-A39D-8D6A9B4494BB}.Release|Any CPU.Build.0 = Release|Any CPU
	EndGlobalSection
	GlobalSection(SolutionProperties) = preSolution
		HideSolutionNode = FALSE
	EndGlobalSection
	GlobalSection(ExtensibilityGlobals) = postSolution
		SolutionGuid = {F5315ADA-216C-44B0-96DE-D0FB82D1E993}
	EndGlobalSection
EndGlobal
